
Microsoft Visual Studio Solution File, Format Version 12.00
# Visual Studio 15
VisualStudioVersion = 15.0.27703.2035
MinimumVisualStudioVersion = 10.0.40219.1
Project("{FAE04EC0-301F-11D3-BF4B-00C04F79EFBC}") = "DevCDR_Agent_NET46", "DevCDR_Agent_NET46.csproj", "{CA2F44D0-C07C-4806-A457-B6752303D408}"
EndProject
Global
	GlobalSection(SolutionConfigurationPlatforms) = preSolution
		Debug|Any CPU = Debug|Any CPU
		Release|Any CPU = Release|Any CPU
	EndGlobalSection
	GlobalSection(ProjectConfigurationPlatforms) = postSolution
		{CA2F44D0-C07C-4806-A457-B6752303D408}.Debug|Any CPU.ActiveCfg = Debug|Any CPU
		{CA2F44D0-C07C-4806-A457-B6752303D408}.Debug|Any CPU.Build.0 = Debug|Any CPU
		{CA2F44D0-C07C-4806-A457-B6752303D408}.Release|Any CPU.ActiveCfg = Release|Any CPU
		{CA2F44D0-C07C-4806-A457-B6752303D408}.Release|Any CPU.Build.0 = Release|Any CPU
	EndGlobalSection
	GlobalSection(SolutionProperties) = preSolution
		HideSolutionNode = FALSE
	EndGlobalSection
	GlobalSection(ExtensibilityGlobals) = postSolution
		SolutionGuid = {D48A9A57-31EA-4973-B210-AD573527C1C4}
	EndGlobalSection
EndGlobal
