
Microsoft Visual Studio Solution File, Format Version 12.00
# Visual Studio 15
VisualStudioVersion = 15.0.27703.2035
MinimumVisualStudioVersion = 10.0.40219.1
Project("{9A19103F-16F7-4668-BE54-9A1E7A4F7556}") = "DevCDR_Server_Core21", "DevCDR_Server_Core21\DevCDR_Server_Core21.csproj", "{7EC97DD3-F805-413E-9961-EC951D1A7EC4}"
EndProject
Project("{E53339B2-1760-4266-BCC7-CA923CBCF16C}") = "docker-compose", "docker-compose.dcproj", "{947F29A0-C74C-4DAC-8DFB-AE7D62BCA8AB}"
EndProject
Global
	GlobalSection(SolutionConfigurationPlatforms) = preSolution
		Debug|Any CPU = Debug|Any CPU
		Release|Any CPU = Release|Any CPU
	EndGlobalSection
	GlobalSection(ProjectConfigurationPlatforms) = postSolution
		{7EC97DD3-F805-413E-9961-EC951D1A7EC4}.Debug|Any CPU.ActiveCfg = Debug|Any CPU
		{7EC97DD3-F805-413E-9961-EC951D1A7EC4}.Debug|Any CPU.Build.0 = Debug|Any CPU
		{7EC97DD3-F805-413E-9961-EC951D1A7EC4}.Release|Any CPU.ActiveCfg = Release|Any CPU
		{7EC97DD3-F805-413E-9961-EC951D1A7EC4}.Release|Any CPU.Build.0 = Release|Any CPU
		{947F29A0-C74C-4DAC-8DFB-AE7D62BCA8AB}.Debug|Any CPU.ActiveCfg = Debug|Any CPU
		{947F29A0-C74C-4DAC-8DFB-AE7D62BCA8AB}.Debug|Any CPU.Build.0 = Debug|Any CPU
		{947F29A0-C74C-4DAC-8DFB-AE7D62BCA8AB}.Release|Any CPU.ActiveCfg = Release|Any CPU
		{947F29A0-C74C-4DAC-8DFB-AE7D62BCA8AB}.Release|Any CPU.Build.0 = Release|Any CPU
	EndGlobalSection
	GlobalSection(SolutionProperties) = preSolution
		HideSolutionNode = FALSE
	EndGlobalSection
	GlobalSection(ExtensibilityGlobals) = postSolution
		SolutionGuid = {4AF717A7-A8AD-48C4-9BDB-1808C12CBB8A}
	EndGlobalSection
EndGlobal
